// !$*UTF8*$!
{
	archiveVersion = 1;
	classes = {
	};
	objectVersion = 56;
	objects = {

/* Begin PBXBuildFile section */
		9763F3E5299883890038FEB3 /* Movie.swift in Sources */ = {isa = PBXBuildFile; fileRef = 9763F3E4299883890038FEB3 /* Movie.swift */; };
		9763F3E82999BD1C0038FEB3 /* SDWebImage in Frameworks */ = {isa = PBXBuildFile; productRef = 9763F3E72999BD1C0038FEB3 /* SDWebImage */; };
		9772DB9729980DE200748967 /* Alamofire in Frameworks */ = {isa = PBXBuildFile; productRef = 9772DB9629980DE200748967 /* Alamofire */; };
		9772DB9B2998261E00748967 /* GoogleService-Info.plist in Resources */ = {isa = PBXBuildFile; fileRef = 9772DB9A2998261E00748967 /* GoogleService-Info.plist */; };
		9772DB9E299828D100748967 /* FirebaseAnalytics in Frameworks */ = {isa = PBXBuildFile; productRef = 9772DB9D299828D100748967 /* FirebaseAnalytics */; };
		9772DBA0299828D100748967 /* FirebaseAuth in Frameworks */ = {isa = PBXBuildFile; productRef = 9772DB9F299828D100748967 /* FirebaseAuth */; };
		9772DBA2299828D100748967 /* FirebaseDatabase in Frameworks */ = {isa = PBXBuildFile; productRef = 9772DBA1299828D100748967 /* FirebaseDatabase */; };
		9772DBA7299851F200748967 /* MainTabBarViewController.swift in Sources */ = {isa = PBXBuildFile; fileRef = 9772DBA6299851F200748967 /* MainTabBarViewController.swift */; };
		9772DBAE2998534900748967 /* SearchViewController.swift in Sources */ = {isa = PBXBuildFile; fileRef = 9772DBAD2998534900748967 /* SearchViewController.swift */; };
		9772DBB02998535A00748967 /* FavoritesViewController.swift in Sources */ = {isa = PBXBuildFile; fileRef = 9772DBAF2998535A00748967 /* FavoritesViewController.swift */; };
		9772DBB22998536F00748967 /* FavoritesView.swift in Sources */ = {isa = PBXBuildFile; fileRef = 9772DBB12998536F00748967 /* FavoritesView.swift */; };
		9772DBB42998538200748967 /* SearchView.swift in Sources */ = {isa = PBXBuildFile; fileRef = 9772DBB32998538200748967 /* SearchView.swift */; };
		97A4E21129919D35002CA237 /* AppDelegate.swift in Sources */ = {isa = PBXBuildFile; fileRef = 97A4E21029919D35002CA237 /* AppDelegate.swift */; };
		97A4E21329919D35002CA237 /* SceneDelegate.swift in Sources */ = {isa = PBXBuildFile; fileRef = 97A4E21229919D35002CA237 /* SceneDelegate.swift */; };
		97A4E21D29919D37002CA237 /* Assets.xcassets in Resources */ = {isa = PBXBuildFile; fileRef = 97A4E21C29919D37002CA237 /* Assets.xcassets */; };
		97C8A44929942E4600C6DE96 /* LaunchScreen.storyboard in Resources */ = {isa = PBXBuildFile; fileRef = 97C8A44829942E4600C6DE96 /* LaunchScreen.storyboard */; };
		97C8A44E2994489000C6DE96 /* HomeViewController.swift in Sources */ = {isa = PBXBuildFile; fileRef = 97C8A44D2994489000C6DE96 /* HomeViewController.swift */; };
		97C8A4502994489D00C6DE96 /* HomeViewModel.swift in Sources */ = {isa = PBXBuildFile; fileRef = 97C8A44F2994489D00C6DE96 /* HomeViewModel.swift */; };
		97C8A452299448B300C6DE96 /* HomeView.swift in Sources */ = {isa = PBXBuildFile; fileRef = 97C8A451299448B300C6DE96 /* HomeView.swift */; };
		97C8A45429944A3A00C6DE96 /* UIViewController+Preview.swift in Sources */ = {isa = PBXBuildFile; fileRef = 97C8A45329944A3A00C6DE96 /* UIViewController+Preview.swift */; };
		97C8A45629944A5600C6DE96 /* UIView+Preview.swift in Sources */ = {isa = PBXBuildFile; fileRef = 97C8A45529944A5600C6DE96 /* UIView+Preview.swift */; };
		97C8A4592994989000C6DE96 /* SMTextField.swift in Sources */ = {isa = PBXBuildFile; fileRef = 97C8A4582994989000C6DE96 /* SMTextField.swift */; };
		97C8A45D2994A8CB00C6DE96 /* ServerContentManager.swift in Sources */ = {isa = PBXBuildFile; fileRef = 97C8A45C2994A8CB00C6DE96 /* ServerContentManager.swift */; };
		97C8A45F2994A9F800C6DE96 /* NSManagedObject+Utils.swift in Sources */ = {isa = PBXBuildFile; fileRef = 97C8A45E2994A9F800C6DE96 /* NSManagedObject+Utils.swift */; };
		97C8A4612994AA3600C6DE96 /* Localizable.strings in Resources */ = {isa = PBXBuildFile; fileRef = 97C8A4602994AA3600C6DE96 /* Localizable.strings */; };
		97C8A4632994ABF100C6DE96 /* User+CoreDataProperties.swift in Sources */ = {isa = PBXBuildFile; fileRef = 97C8A4622994ABF100C6DE96 /* User+CoreDataProperties.swift */; };
		97C8A4652994AC1C00C6DE96 /* User+CoreDataClass.swift in Sources */ = {isa = PBXBuildFile; fileRef = 97C8A4642994AC1C00C6DE96 /* User+CoreDataClass.swift */; };
		97C8A46B2994AFB200C6DE96 /* Movies.xcdatamodeld in Sources */ = {isa = PBXBuildFile; fileRef = 97C8A4692994AFB200C6DE96 /* Movies.xcdatamodeld */; };
		97C8A47129953F9200C6DE96 /* SignInViewController.swift in Sources */ = {isa = PBXBuildFile; fileRef = 97C8A47029953F9200C6DE96 /* SignInViewController.swift */; };
		97C8A47329953FA100C6DE96 /* SignUpViewController.swift in Sources */ = {isa = PBXBuildFile; fileRef = 97C8A47229953FA100C6DE96 /* SignUpViewController.swift */; };
		97C8A47529953FC200C6DE96 /* SignInView.swift in Sources */ = {isa = PBXBuildFile; fileRef = 97C8A47429953FC200C6DE96 /* SignInView.swift */; };
		97C8A47729953FD300C6DE96 /* SignUpView.swift in Sources */ = {isa = PBXBuildFile; fileRef = 97C8A47629953FD300C6DE96 /* SignUpView.swift */; };
		97C8A4792995418800C6DE96 /* SMLogo.swift in Sources */ = {isa = PBXBuildFile; fileRef = 97C8A4782995418800C6DE96 /* SMLogo.swift */; };
		97C8A47B2995B68E00C6DE96 /* SMButton.swift in Sources */ = {isa = PBXBuildFile; fileRef = 97C8A47A2995B68E00C6DE96 /* SMButton.swift */; };
		97EE153429941ED90086EFE7 /* OnboardingView.swift in Sources */ = {isa = PBXBuildFile; fileRef = 97EE153329941ED90086EFE7 /* OnboardingView.swift */; };
		97EE153629941EF30086EFE7 /* OnboardingViewController.swift in Sources */ = {isa = PBXBuildFile; fileRef = 97EE153529941EF30086EFE7 /* OnboardingViewController.swift */; };
		97EE153A2994208B0086EFE7 /* LoginViewModel.swift in Sources */ = {isa = PBXBuildFile; fileRef = 97EE15392994208B0086EFE7 /* LoginViewModel.swift */; };
		97EE153D299424DE0086EFE7 /* Extensions.swift in Sources */ = {isa = PBXBuildFile; fileRef = 97EE153C299424DE0086EFE7 /* Extensions.swift */; };
		97EE1540299425160086EFE7 /* ViewCode.swift in Sources */ = {isa = PBXBuildFile; fileRef = 97EE153F299425160086EFE7 /* ViewCode.swift */; };
		E55E62E92AE8BBA800A23EB2 /* SMMovieCarouselView.swift in Sources */ = {isa = PBXBuildFile; fileRef = E55E62E82AE8BBA800A23EB2 /* SMMovieCarouselView.swift */; };
		E55E62ED2AE8BD2B00A23EB2 /* SMImageView.swift in Sources */ = {isa = PBXBuildFile; fileRef = E55E62EC2AE8BD2B00A23EB2 /* SMImageView.swift */; };
		E55E62EF2AE8BD4700A23EB2 /* SMMovieViewCell.swift in Sources */ = {isa = PBXBuildFile; fileRef = E55E62EE2AE8BD4700A23EB2 /* SMMovieViewCell.swift */; };
		E55E62F22AE8BD7400A23EB2 /* SMAnnouncementView.swift in Sources */ = {isa = PBXBuildFile; fileRef = E55E62F12AE8BD7400A23EB2 /* SMAnnouncementView.swift */; };
		E55E62F42AE8C12200A23EB2 /* SMLabel.swift in Sources */ = {isa = PBXBuildFile; fileRef = E55E62F32AE8C12200A23EB2 /* SMLabel.swift */; };
		E55E62F92AE8C6ED00A23EB2 /* SMFont.swift in Sources */ = {isa = PBXBuildFile; fileRef = E55E62F82AE8C6ED00A23EB2 /* SMFont.swift */; };
		E55E62FB2AE8CD5400A23EB2 /* UIColors+Extensions.swift in Sources */ = {isa = PBXBuildFile; fileRef = E55E62FA2AE8CD5400A23EB2 /* UIColors+Extensions.swift */; };
		E55E62FE2AE8CE5100A23EB2 /* SMConstraints.swift in Sources */ = {isa = PBXBuildFile; fileRef = E55E62FD2AE8CE5100A23EB2 /* SMConstraints.swift */; };
		E5E530872ACA380800051336 /* I18n.swift in Sources */ = {isa = PBXBuildFile; fileRef = E5E530862ACA380800051336 /* I18n.swift */; };
		E5E530892ACA61BD00051336 /* CHANGELOG.md in Sources */ = {isa = PBXBuildFile; fileRef = E5E530882ACA61BD00051336 /* CHANGELOG.md */; };
/* End PBXBuildFile section */

/* Begin PBXFileReference section */
		9763F3E4299883890038FEB3 /* Movie.swift */ = {isa = PBXFileReference; lastKnownFileType = sourcecode.swift; path = Movie.swift; sourceTree = "<group>"; };
		9772DB9A2998261E00748967 /* GoogleService-Info.plist */ = {isa = PBXFileReference; fileEncoding = 4; lastKnownFileType = text.plist.xml; path = "GoogleService-Info.plist"; sourceTree = "<group>"; };
		9772DBA6299851F200748967 /* MainTabBarViewController.swift */ = {isa = PBXFileReference; lastKnownFileType = sourcecode.swift; path = MainTabBarViewController.swift; sourceTree = "<group>"; };
		9772DBAD2998534900748967 /* SearchViewController.swift */ = {isa = PBXFileReference; lastKnownFileType = sourcecode.swift; path = SearchViewController.swift; sourceTree = "<group>"; };
		9772DBAF2998535A00748967 /* FavoritesViewController.swift */ = {isa = PBXFileReference; lastKnownFileType = sourcecode.swift; path = FavoritesViewController.swift; sourceTree = "<group>"; };
		9772DBB12998536F00748967 /* FavoritesView.swift */ = {isa = PBXFileReference; lastKnownFileType = sourcecode.swift; path = FavoritesView.swift; sourceTree = "<group>"; };
		9772DBB32998538200748967 /* SearchView.swift */ = {isa = PBXFileReference; lastKnownFileType = sourcecode.swift; path = SearchView.swift; sourceTree = "<group>"; };
		97A4E20D29919D35002CA237 /* SeeMovies.app */ = {isa = PBXFileReference; explicitFileType = wrapper.application; includeInIndex = 0; path = SeeMovies.app; sourceTree = BUILT_PRODUCTS_DIR; };
		97A4E21029919D35002CA237 /* AppDelegate.swift */ = {isa = PBXFileReference; lastKnownFileType = sourcecode.swift; path = AppDelegate.swift; sourceTree = "<group>"; };
		97A4E21229919D35002CA237 /* SceneDelegate.swift */ = {isa = PBXFileReference; lastKnownFileType = sourcecode.swift; path = SceneDelegate.swift; sourceTree = "<group>"; };
		97A4E21C29919D37002CA237 /* Assets.xcassets */ = {isa = PBXFileReference; lastKnownFileType = folder.assetcatalog; path = Assets.xcassets; sourceTree = "<group>"; };
		97A4E22129919D37002CA237 /* Info.plist */ = {isa = PBXFileReference; lastKnownFileType = text.plist.xml; path = Info.plist; sourceTree = "<group>"; };
		97C8A44829942E4600C6DE96 /* LaunchScreen.storyboard */ = {isa = PBXFileReference; lastKnownFileType = file.storyboard; path = LaunchScreen.storyboard; sourceTree = "<group>"; };
		97C8A44D2994489000C6DE96 /* HomeViewController.swift */ = {isa = PBXFileReference; lastKnownFileType = sourcecode.swift; path = HomeViewController.swift; sourceTree = "<group>"; };
		97C8A44F2994489D00C6DE96 /* HomeViewModel.swift */ = {isa = PBXFileReference; lastKnownFileType = sourcecode.swift; path = HomeViewModel.swift; sourceTree = "<group>"; };
		97C8A451299448B300C6DE96 /* HomeView.swift */ = {isa = PBXFileReference; lastKnownFileType = sourcecode.swift; path = HomeView.swift; sourceTree = "<group>"; };
		97C8A45329944A3A00C6DE96 /* UIViewController+Preview.swift */ = {isa = PBXFileReference; lastKnownFileType = sourcecode.swift; path = "UIViewController+Preview.swift"; sourceTree = "<group>"; };
		97C8A45529944A5600C6DE96 /* UIView+Preview.swift */ = {isa = PBXFileReference; lastKnownFileType = sourcecode.swift; path = "UIView+Preview.swift"; sourceTree = "<group>"; };
		97C8A4582994989000C6DE96 /* SMTextField.swift */ = {isa = PBXFileReference; lastKnownFileType = sourcecode.swift; path = SMTextField.swift; sourceTree = "<group>"; };
		97C8A45C2994A8CB00C6DE96 /* ServerContentManager.swift */ = {isa = PBXFileReference; lastKnownFileType = sourcecode.swift; path = ServerContentManager.swift; sourceTree = "<group>"; };
		97C8A45E2994A9F800C6DE96 /* NSManagedObject+Utils.swift */ = {isa = PBXFileReference; lastKnownFileType = sourcecode.swift; path = "NSManagedObject+Utils.swift"; sourceTree = "<group>"; };
		97C8A4602994AA3600C6DE96 /* Localizable.strings */ = {isa = PBXFileReference; lastKnownFileType = text.plist.strings; path = Localizable.strings; sourceTree = "<group>"; };
		97C8A4622994ABF100C6DE96 /* User+CoreDataProperties.swift */ = {isa = PBXFileReference; lastKnownFileType = sourcecode.swift; path = "User+CoreDataProperties.swift"; sourceTree = "<group>"; };
		97C8A4642994AC1C00C6DE96 /* User+CoreDataClass.swift */ = {isa = PBXFileReference; lastKnownFileType = sourcecode.swift; path = "User+CoreDataClass.swift"; sourceTree = "<group>"; };
		97C8A46A2994AFB200C6DE96 /* Movies.xcdatamodel */ = {isa = PBXFileReference; lastKnownFileType = wrapper.xcdatamodel; path = Movies.xcdatamodel; sourceTree = "<group>"; };
		97C8A47029953F9200C6DE96 /* SignInViewController.swift */ = {isa = PBXFileReference; lastKnownFileType = sourcecode.swift; path = SignInViewController.swift; sourceTree = "<group>"; };
		97C8A47229953FA100C6DE96 /* SignUpViewController.swift */ = {isa = PBXFileReference; lastKnownFileType = sourcecode.swift; path = SignUpViewController.swift; sourceTree = "<group>"; };
		97C8A47429953FC200C6DE96 /* SignInView.swift */ = {isa = PBXFileReference; lastKnownFileType = sourcecode.swift; path = SignInView.swift; sourceTree = "<group>"; };
		97C8A47629953FD300C6DE96 /* SignUpView.swift */ = {isa = PBXFileReference; lastKnownFileType = sourcecode.swift; path = SignUpView.swift; sourceTree = "<group>"; };
		97C8A4782995418800C6DE96 /* SMLogo.swift */ = {isa = PBXFileReference; lastKnownFileType = sourcecode.swift; path = SMLogo.swift; sourceTree = "<group>"; };
		97C8A47A2995B68E00C6DE96 /* SMButton.swift */ = {isa = PBXFileReference; lastKnownFileType = sourcecode.swift; path = SMButton.swift; sourceTree = "<group>"; };
		97EE153329941ED90086EFE7 /* OnboardingView.swift */ = {isa = PBXFileReference; lastKnownFileType = sourcecode.swift; path = OnboardingView.swift; sourceTree = "<group>"; };
		97EE153529941EF30086EFE7 /* OnboardingViewController.swift */ = {isa = PBXFileReference; lastKnownFileType = sourcecode.swift; path = OnboardingViewController.swift; sourceTree = "<group>"; };
		97EE15392994208B0086EFE7 /* LoginViewModel.swift */ = {isa = PBXFileReference; lastKnownFileType = sourcecode.swift; path = LoginViewModel.swift; sourceTree = "<group>"; };
		97EE153C299424DE0086EFE7 /* Extensions.swift */ = {isa = PBXFileReference; lastKnownFileType = sourcecode.swift; path = Extensions.swift; sourceTree = "<group>"; };
		97EE153F299425160086EFE7 /* ViewCode.swift */ = {isa = PBXFileReference; lastKnownFileType = sourcecode.swift; path = ViewCode.swift; sourceTree = "<group>"; };
		E55E62E82AE8BBA800A23EB2 /* SMMovieCarouselView.swift */ = {isa = PBXFileReference; lastKnownFileType = sourcecode.swift; path = SMMovieCarouselView.swift; sourceTree = "<group>"; };
		E55E62EC2AE8BD2B00A23EB2 /* SMImageView.swift */ = {isa = PBXFileReference; lastKnownFileType = sourcecode.swift; path = SMImageView.swift; sourceTree = "<group>"; };
		E55E62EE2AE8BD4700A23EB2 /* SMMovieViewCell.swift */ = {isa = PBXFileReference; lastKnownFileType = sourcecode.swift; path = SMMovieViewCell.swift; sourceTree = "<group>"; };
		E55E62F12AE8BD7400A23EB2 /* SMAnnouncementView.swift */ = {isa = PBXFileReference; lastKnownFileType = sourcecode.swift; path = SMAnnouncementView.swift; sourceTree = "<group>"; };
		E55E62F32AE8C12200A23EB2 /* SMLabel.swift */ = {isa = PBXFileReference; lastKnownFileType = sourcecode.swift; path = SMLabel.swift; sourceTree = "<group>"; };
		E55E62F82AE8C6ED00A23EB2 /* SMFont.swift */ = {isa = PBXFileReference; lastKnownFileType = sourcecode.swift; path = SMFont.swift; sourceTree = "<group>"; };
		E55E62FA2AE8CD5400A23EB2 /* UIColors+Extensions.swift */ = {isa = PBXFileReference; lastKnownFileType = sourcecode.swift; path = "UIColors+Extensions.swift"; sourceTree = "<group>"; };
		E55E62FD2AE8CE5100A23EB2 /* SMConstraints.swift */ = {isa = PBXFileReference; lastKnownFileType = sourcecode.swift; path = SMConstraints.swift; sourceTree = "<group>"; };
		E5E530862ACA380800051336 /* I18n.swift */ = {isa = PBXFileReference; lastKnownFileType = sourcecode.swift; path = I18n.swift; sourceTree = "<group>"; };
		E5E530882ACA61BD00051336 /* CHANGELOG.md */ = {isa = PBXFileReference; lastKnownFileType = net.daringfireball.markdown; path = CHANGELOG.md; sourceTree = "<group>"; };
/* End PBXFileReference section */

/* Begin PBXFrameworksBuildPhase section */
		97A4E20A29919D35002CA237 /* Frameworks */ = {
			isa = PBXFrameworksBuildPhase;
			buildActionMask = 2147483647;
			files = (
				9772DB9E299828D100748967 /* FirebaseAnalytics in Frameworks */,
				9772DBA0299828D100748967 /* FirebaseAuth in Frameworks */,
				9772DBA2299828D100748967 /* FirebaseDatabase in Frameworks */,
				9772DB9729980DE200748967 /* Alamofire in Frameworks */,
				9763F3E82999BD1C0038FEB3 /* SDWebImage in Frameworks */,
			);
			runOnlyForDeploymentPostprocessing = 0;
		};
/* End PBXFrameworksBuildPhase section */

/* Begin PBXGroup section */
		9763F3E3299883020038FEB3 /* Model */ = {
			isa = PBXGroup;
			children = (
				9763F3E4299883890038FEB3 /* Movie.swift */,
			);
			path = Model;
			sourceTree = "<group>";
		};
		9772DBA32998515A00748967 /* Main */ = {
			isa = PBXGroup;
			children = (
				9772DBA6299851F200748967 /* MainTabBarViewController.swift */,
			);
			path = Main;
			sourceTree = "<group>";
		};
		9772DBA92998530E00748967 /* Favorites */ = {
			isa = PBXGroup;
			children = (
				9772DBAB2998532700748967 /* Screen */,
				9772DBAF2998535A00748967 /* FavoritesViewController.swift */,
			);
			path = Favorites;
			sourceTree = "<group>";
		};
		9772DBAA2998531A00748967 /* Search */ = {
			isa = PBXGroup;
			children = (
				9772DBAC2998532D00748967 /* Screen */,
				9772DBAD2998534900748967 /* SearchViewController.swift */,
			);
			path = Search;
			sourceTree = "<group>";
		};
		9772DBAB2998532700748967 /* Screen */ = {
			isa = PBXGroup;
			children = (
				9772DBB12998536F00748967 /* FavoritesView.swift */,
			);
			path = Screen;
			sourceTree = "<group>";
		};
		9772DBAC2998532D00748967 /* Screen */ = {
			isa = PBXGroup;
			children = (
				9772DBB32998538200748967 /* SearchView.swift */,
			);
			path = Screen;
			sourceTree = "<group>";
		};
		97A4E20429919D35002CA237 = {
			isa = PBXGroup;
			children = (
				E5E530882ACA61BD00051336 /* CHANGELOG.md */,
				97A4E20F29919D35002CA237 /* SeeMovies */,
				97A4E20E29919D35002CA237 /* Products */,
			);
			sourceTree = "<group>";
		};
		97A4E20E29919D35002CA237 /* Products */ = {
			isa = PBXGroup;
			children = (
				97A4E20D29919D35002CA237 /* SeeMovies.app */,
			);
			name = Products;
			sourceTree = "<group>";
		};
		97A4E20F29919D35002CA237 /* SeeMovies */ = {
			isa = PBXGroup;
			children = (
				97A4E21029919D35002CA237 /* AppDelegate.swift */,
				97A4E21229919D35002CA237 /* SceneDelegate.swift */,
				97A4E22129919D37002CA237 /* Info.plist */,
				9772DB9A2998261E00748967 /* GoogleService-Info.plist */,
				97A4E227299407E3002CA237 /* Resources */,
				97C8A45B2994A8B600C6DE96 /* Server */,
				97A4E22B2994082F002CA237 /* Modal */,
				97EE153B2994249B0086EFE7 /* Helper */,
				97EE153029941EA50086EFE7 /* Controllers */,
				97C8A44829942E4600C6DE96 /* LaunchScreen.storyboard */,
			);
			path = SeeMovies;
			sourceTree = "<group>";
		};
		97A4E227299407E3002CA237 /* Resources */ = {
			isa = PBXGroup;
			children = (
				E55E62FC2AE8CE3E00A23EB2 /* Constraints */,
				97C8A4572994985500C6DE96 /* Components */,
				E55E62F72AE8C6E000A23EB2 /* Tokens */,
				97A4E21C29919D37002CA237 /* Assets.xcassets */,
				97C8A4602994AA3600C6DE96 /* Localizable.strings */,
				E55E62FA2AE8CD5400A23EB2 /* UIColors+Extensions.swift */,
			);
			path = Resources;
			sourceTree = "<group>";
		};
		97A4E22B2994082F002CA237 /* Modal */ = {
			isa = PBXGroup;
			children = (
				97C8A45E2994A9F800C6DE96 /* NSManagedObject+Utils.swift */,
				97C8A4642994AC1C00C6DE96 /* User+CoreDataClass.swift */,
				97C8A4622994ABF100C6DE96 /* User+CoreDataProperties.swift */,
				97C8A4692994AFB200C6DE96 /* Movies.xcdatamodeld */,
			);
			path = Modal;
			sourceTree = "<group>";
		};
		97C8A44A2994486D00C6DE96 /* Home */ = {
			isa = PBXGroup;
			children = (
				9763F3E3299883020038FEB3 /* Model */,
				97C8A44C2994487F00C6DE96 /* ViewModel */,
				97C8A44B2994487800C6DE96 /* Screen */,
				97C8A44D2994489000C6DE96 /* HomeViewController.swift */,
			);
			path = Home;
			sourceTree = "<group>";
		};
		97C8A44B2994487800C6DE96 /* Screen */ = {
			isa = PBXGroup;
			children = (
				97C8A451299448B300C6DE96 /* HomeView.swift */,
			);
			path = Screen;
			sourceTree = "<group>";
		};
		97C8A44C2994487F00C6DE96 /* ViewModel */ = {
			isa = PBXGroup;
			children = (
				97C8A44F2994489D00C6DE96 /* HomeViewModel.swift */,
			);
			path = ViewModel;
			sourceTree = "<group>";
		};
		97C8A4572994985500C6DE96 /* Components */ = {
			isa = PBXGroup;
			children = (
				E55E62EA2AE8BC3300A23EB2 /* MovieCarousel */,
				97C8A4582994989000C6DE96 /* SMTextField.swift */,
				97C8A4782995418800C6DE96 /* SMLogo.swift */,
				97C8A47A2995B68E00C6DE96 /* SMButton.swift */,
			);
			path = Components;
			sourceTree = "<group>";
		};
		97C8A45B2994A8B600C6DE96 /* Server */ = {
			isa = PBXGroup;
			children = (
				97C8A45C2994A8CB00C6DE96 /* ServerContentManager.swift */,
			);
			path = Server;
			sourceTree = "<group>";
		};
		97C8A46C29953F3300C6DE96 /* SignIn */ = {
			isa = PBXGroup;
			children = (
				97C8A46E29953F7400C6DE96 /* Screen */,
				97C8A47029953F9200C6DE96 /* SignInViewController.swift */,
			);
			path = SignIn;
			sourceTree = "<group>";
		};
		97C8A46D29953F3B00C6DE96 /* SignUp */ = {
			isa = PBXGroup;
			children = (
				97C8A46F29953F7B00C6DE96 /* Screen */,
				97C8A47229953FA100C6DE96 /* SignUpViewController.swift */,
			);
			path = SignUp;
			sourceTree = "<group>";
		};
		97C8A46E29953F7400C6DE96 /* Screen */ = {
			isa = PBXGroup;
			children = (
				97C8A47429953FC200C6DE96 /* SignInView.swift */,
			);
			path = Screen;
			sourceTree = "<group>";
		};
		97C8A46F29953F7B00C6DE96 /* Screen */ = {
			isa = PBXGroup;
			children = (
				97C8A47629953FD300C6DE96 /* SignUpView.swift */,
			);
			path = Screen;
			sourceTree = "<group>";
		};
		97EE153029941EA50086EFE7 /* Controllers */ = {
			isa = PBXGroup;
			children = (
				97EE153129941EBA0086EFE7 /* Onboarding */,
				97C8A46C29953F3300C6DE96 /* SignIn */,
				97C8A46D29953F3B00C6DE96 /* SignUp */,
				9772DBA32998515A00748967 /* Main */,
				97C8A44A2994486D00C6DE96 /* Home */,
				9772DBA92998530E00748967 /* Favorites */,
				9772DBAA2998531A00748967 /* Search */,
			);
			path = Controllers;
			sourceTree = "<group>";
		};
		97EE153129941EBA0086EFE7 /* Onboarding */ = {
			isa = PBXGroup;
			children = (
				97EE153229941EC20086EFE7 /* Screen */,
				97EE15382994204C0086EFE7 /* ViewModel */,
				97EE153529941EF30086EFE7 /* OnboardingViewController.swift */,
			);
			path = Onboarding;
			sourceTree = "<group>";
		};
		97EE153229941EC20086EFE7 /* Screen */ = {
			isa = PBXGroup;
			children = (
				97EE153329941ED90086EFE7 /* OnboardingView.swift */,
			);
			path = Screen;
			sourceTree = "<group>";
		};
		97EE15382994204C0086EFE7 /* ViewModel */ = {
			isa = PBXGroup;
			children = (
				97EE15392994208B0086EFE7 /* LoginViewModel.swift */,
			);
			path = ViewModel;
			sourceTree = "<group>";
		};
		97EE153B2994249B0086EFE7 /* Helper */ = {
			isa = PBXGroup;
			children = (
				97EE153C299424DE0086EFE7 /* Extensions.swift */,
				97EE153F299425160086EFE7 /* ViewCode.swift */,
				97C8A45529944A5600C6DE96 /* UIView+Preview.swift */,
				97C8A45329944A3A00C6DE96 /* UIViewController+Preview.swift */,
				E5E530862ACA380800051336 /* I18n.swift */,
			);
			path = Helper;
			sourceTree = "<group>";
		};
		E55E62EA2AE8BC3300A23EB2 /* MovieCarousel */ = {
			isa = PBXGroup;
			children = (
				E55E62F02AE8BD6100A23EB2 /* AnnouncementView */,
				E55E62EB2AE8BD0300A23EB2 /* ImageView */,
				E55E62E82AE8BBA800A23EB2 /* SMMovieCarouselView.swift */,
				E55E62EE2AE8BD4700A23EB2 /* SMMovieViewCell.swift */,
			);
			path = MovieCarousel;
			sourceTree = "<group>";
		};
		E55E62EB2AE8BD0300A23EB2 /* ImageView */ = {
			isa = PBXGroup;
			children = (
				E55E62EC2AE8BD2B00A23EB2 /* SMImageView.swift */,
			);
			path = ImageView;
			sourceTree = "<group>";
		};
		E55E62F02AE8BD6100A23EB2 /* AnnouncementView */ = {
			isa = PBXGroup;
			children = (
				E55E62F12AE8BD7400A23EB2 /* SMAnnouncementView.swift */,
			);
			path = AnnouncementView;
			sourceTree = "<group>";
		};
		E55E62F72AE8C6E000A23EB2 /* Tokens */ = {
			isa = PBXGroup;
			children = (
				E55E62F82AE8C6ED00A23EB2 /* SMFont.swift */,
				E55E62F32AE8C12200A23EB2 /* SMLabel.swift */,
			);
			path = Tokens;
			sourceTree = "<group>";
		};
		E55E62FC2AE8CE3E00A23EB2 /* Constraints */ = {
			isa = PBXGroup;
			children = (
				E55E62FD2AE8CE5100A23EB2 /* SMConstraints.swift */,
			);
			path = Constraints;
			sourceTree = "<group>";
		};
/* End PBXGroup section */

/* Begin PBXNativeTarget section */
		97A4E20C29919D35002CA237 /* SeeMovies */ = {
			isa = PBXNativeTarget;
			buildConfigurationList = 97A4E22429919D37002CA237 /* Build configuration list for PBXNativeTarget "SeeMovies" */;
			buildPhases = (
				97A4E20929919D35002CA237 /* Sources */,
				97A4E20A29919D35002CA237 /* Frameworks */,
				97A4E20B29919D35002CA237 /* Resources */,
			);
			buildRules = (
			);
			dependencies = (
			);
			name = SeeMovies;
			packageProductDependencies = (
				9772DB9629980DE200748967 /* Alamofire */,
				9772DB9D299828D100748967 /* FirebaseAnalytics */,
				9772DB9F299828D100748967 /* FirebaseAuth */,
				9772DBA1299828D100748967 /* FirebaseDatabase */,
				9763F3E72999BD1C0038FEB3 /* SDWebImage */,
			);
			productName = SeeMovies;
			productReference = 97A4E20D29919D35002CA237 /* SeeMovies.app */;
			productType = "com.apple.product-type.application";
		};
/* End PBXNativeTarget section */

/* Begin PBXProject section */
		97A4E20529919D35002CA237 /* Project object */ = {
			isa = PBXProject;
			attributes = {
				BuildIndependentTargetsInParallel = 1;
				LastSwiftUpdateCheck = 1400;
				LastUpgradeCheck = 1400;
				TargetAttributes = {
					97A4E20C29919D35002CA237 = {
						CreatedOnToolsVersion = 14.0;
					};
				};
			};
			buildConfigurationList = 97A4E20829919D35002CA237 /* Build configuration list for PBXProject "SeeMovies" */;
			compatibilityVersion = "Xcode 14.0";
			developmentRegion = en;
			hasScannedForEncodings = 0;
			knownRegions = (
				en,
				Base,
			);
			mainGroup = 97A4E20429919D35002CA237;
			packageReferences = (
				9772DB9529980DE200748967 /* XCRemoteSwiftPackageReference "Alamofire" */,
				9772DB9C299828D100748967 /* XCRemoteSwiftPackageReference "firebase-ios-sdk" */,
				9763F3E62999BD1C0038FEB3 /* XCRemoteSwiftPackageReference "SDWebImage" */,
			);
			productRefGroup = 97A4E20E29919D35002CA237 /* Products */;
			projectDirPath = "";
			projectRoot = "";
			targets = (
				97A4E20C29919D35002CA237 /* SeeMovies */,
			);
		};
/* End PBXProject section */

/* Begin PBXResourcesBuildPhase section */
		97A4E20B29919D35002CA237 /* Resources */ = {
			isa = PBXResourcesBuildPhase;
			buildActionMask = 2147483647;
			files = (
				97C8A44929942E4600C6DE96 /* LaunchScreen.storyboard in Resources */,
				97C8A4612994AA3600C6DE96 /* Localizable.strings in Resources */,
				97A4E21D29919D37002CA237 /* Assets.xcassets in Resources */,
				9772DB9B2998261E00748967 /* GoogleService-Info.plist in Resources */,
			);
			runOnlyForDeploymentPostprocessing = 0;
		};
/* End PBXResourcesBuildPhase section */

/* Begin PBXSourcesBuildPhase section */
		97A4E20929919D35002CA237 /* Sources */ = {
			isa = PBXSourcesBuildPhase;
			buildActionMask = 2147483647;
			files = (
				97C8A47329953FA100C6DE96 /* SignUpViewController.swift in Sources */,
				97EE153429941ED90086EFE7 /* OnboardingView.swift in Sources */,
				97EE1540299425160086EFE7 /* ViewCode.swift in Sources */,
				9772DBA7299851F200748967 /* MainTabBarViewController.swift in Sources */,
				97C8A452299448B300C6DE96 /* HomeView.swift in Sources */,
				97C8A47729953FD300C6DE96 /* SignUpView.swift in Sources */,
				97C8A45429944A3A00C6DE96 /* UIViewController+Preview.swift in Sources */,
				97C8A45D2994A8CB00C6DE96 /* ServerContentManager.swift in Sources */,
				97C8A45F2994A9F800C6DE96 /* NSManagedObject+Utils.swift in Sources */,
				E55E62EF2AE8BD4700A23EB2 /* SMMovieViewCell.swift in Sources */,
				97C8A46B2994AFB200C6DE96 /* Movies.xcdatamodeld in Sources */,
				97A4E21129919D35002CA237 /* AppDelegate.swift in Sources */,
				97EE153629941EF30086EFE7 /* OnboardingViewController.swift in Sources */,
				E55E62ED2AE8BD2B00A23EB2 /* SMImageView.swift in Sources */,
				97C8A44E2994489000C6DE96 /* HomeViewController.swift in Sources */,
				E5E530872ACA380800051336 /* I18n.swift in Sources */,
				E55E62FB2AE8CD5400A23EB2 /* UIColors+Extensions.swift in Sources */,
				E55E62F42AE8C12200A23EB2 /* SMLabel.swift in Sources */,
				E55E62E92AE8BBA800A23EB2 /* SMMovieCarouselView.swift in Sources */,
				97C8A4632994ABF100C6DE96 /* User+CoreDataProperties.swift in Sources */,
				97C8A4792995418800C6DE96 /* SMLogo.swift in Sources */,
				9772DBB42998538200748967 /* SearchView.swift in Sources */,
				97C8A45629944A5600C6DE96 /* UIView+Preview.swift in Sources */,
				97A4E21329919D35002CA237 /* SceneDelegate.swift in Sources */,
				97C8A4502994489D00C6DE96 /* HomeViewModel.swift in Sources */,
				97C8A47B2995B68E00C6DE96 /* SMButton.swift in Sources */,
				97C8A47529953FC200C6DE96 /* SignInView.swift in Sources */,
				9772DBB22998536F00748967 /* FavoritesView.swift in Sources */,
				97C8A47129953F9200C6DE96 /* SignInViewController.swift in Sources */,
				97C8A4652994AC1C00C6DE96 /* User+CoreDataClass.swift in Sources */,
				E55E62FE2AE8CE5100A23EB2 /* SMConstraints.swift in Sources */,
				9772DBAE2998534900748967 /* SearchViewController.swift in Sources */,
				9772DBB02998535A00748967 /* FavoritesViewController.swift in Sources */,
				E55E62F92AE8C6ED00A23EB2 /* SMFont.swift in Sources */,
				9763F3E5299883890038FEB3 /* Movie.swift in Sources */,
				E5E530892ACA61BD00051336 /* CHANGELOG.md in Sources */,
				E55E62F22AE8BD7400A23EB2 /* SMAnnouncementView.swift in Sources */,
				97EE153D299424DE0086EFE7 /* Extensions.swift in Sources */,
				97C8A4592994989000C6DE96 /* SMTextField.swift in Sources */,
				97EE153A2994208B0086EFE7 /* LoginViewModel.swift in Sources */,
			);
			runOnlyForDeploymentPostprocessing = 0;
		};
/* End PBXSourcesBuildPhase section */

/* Begin XCBuildConfiguration section */
		97A4E22229919D37002CA237 /* Debug */ = {
			isa = XCBuildConfiguration;
			buildSettings = {
				ALWAYS_SEARCH_USER_PATHS = NO;
				CLANG_ANALYZER_NONNULL = YES;
				CLANG_ANALYZER_NUMBER_OBJECT_CONVERSION = YES_AGGRESSIVE;
				CLANG_CXX_LANGUAGE_STANDARD = "gnu++20";
				CLANG_ENABLE_MODULES = YES;
				CLANG_ENABLE_OBJC_ARC = YES;
				CLANG_ENABLE_OBJC_WEAK = YES;
				CLANG_WARN_BLOCK_CAPTURE_AUTORELEASING = YES;
				CLANG_WARN_BOOL_CONVERSION = YES;
				CLANG_WARN_COMMA = YES;
				CLANG_WARN_CONSTANT_CONVERSION = YES;
				CLANG_WARN_DEPRECATED_OBJC_IMPLEMENTATIONS = YES;
				CLANG_WARN_DIRECT_OBJC_ISA_USAGE = YES_ERROR;
				CLANG_WARN_DOCUMENTATION_COMMENTS = YES;
				CLANG_WARN_EMPTY_BODY = YES;
				CLANG_WARN_ENUM_CONVERSION = YES;
				CLANG_WARN_INFINITE_RECURSION = YES;
				CLANG_WARN_INT_CONVERSION = YES;
				CLANG_WARN_NON_LITERAL_NULL_CONVERSION = YES;
				CLANG_WARN_OBJC_IMPLICIT_RETAIN_SELF = YES;
				CLANG_WARN_OBJC_LITERAL_CONVERSION = YES;
				CLANG_WARN_OBJC_ROOT_CLASS = YES_ERROR;
				CLANG_WARN_QUOTED_INCLUDE_IN_FRAMEWORK_HEADER = YES;
				CLANG_WARN_RANGE_LOOP_ANALYSIS = YES;
				CLANG_WARN_STRICT_PROTOTYPES = YES;
				CLANG_WARN_SUSPICIOUS_MOVE = YES;
				CLANG_WARN_UNGUARDED_AVAILABILITY = YES_AGGRESSIVE;
				CLANG_WARN_UNREACHABLE_CODE = YES;
				CLANG_WARN__DUPLICATE_METHOD_MATCH = YES;
				COPY_PHASE_STRIP = NO;
				DEBUG_INFORMATION_FORMAT = dwarf;
				ENABLE_STRICT_OBJC_MSGSEND = YES;
				ENABLE_TESTABILITY = YES;
				GCC_C_LANGUAGE_STANDARD = gnu11;
				GCC_DYNAMIC_NO_PIC = NO;
				GCC_NO_COMMON_BLOCKS = YES;
				GCC_OPTIMIZATION_LEVEL = 0;
				GCC_PREPROCESSOR_DEFINITIONS = (
					"DEBUG=1",
					"$(inherited)",
				);
				GCC_WARN_64_TO_32_BIT_CONVERSION = YES;
				GCC_WARN_ABOUT_RETURN_TYPE = YES_ERROR;
				GCC_WARN_UNDECLARED_SELECTOR = YES;
				GCC_WARN_UNINITIALIZED_AUTOS = YES_AGGRESSIVE;
				GCC_WARN_UNUSED_FUNCTION = YES;
				GCC_WARN_UNUSED_VARIABLE = YES;
				INFOPLIST_KEY_UILaunchScreen_Generation = YES;
				IPHONEOS_DEPLOYMENT_TARGET = 16.0;
				MTL_ENABLE_DEBUG_INFO = INCLUDE_SOURCE;
				MTL_FAST_MATH = YES;
				ONLY_ACTIVE_ARCH = YES;
				SDKROOT = iphoneos;
				SWIFT_ACTIVE_COMPILATION_CONDITIONS = DEBUG;
				SWIFT_OPTIMIZATION_LEVEL = "-Onone";
			};
			name = Debug;
		};
		97A4E22329919D37002CA237 /* Release */ = {
			isa = XCBuildConfiguration;
			buildSettings = {
				ALWAYS_SEARCH_USER_PATHS = NO;
				CLANG_ANALYZER_NONNULL = YES;
				CLANG_ANALYZER_NUMBER_OBJECT_CONVERSION = YES_AGGRESSIVE;
				CLANG_CXX_LANGUAGE_STANDARD = "gnu++20";
				CLANG_ENABLE_MODULES = YES;
				CLANG_ENABLE_OBJC_ARC = YES;
				CLANG_ENABLE_OBJC_WEAK = YES;
				CLANG_WARN_BLOCK_CAPTURE_AUTORELEASING = YES;
				CLANG_WARN_BOOL_CONVERSION = YES;
				CLANG_WARN_COMMA = YES;
				CLANG_WARN_CONSTANT_CONVERSION = YES;
				CLANG_WARN_DEPRECATED_OBJC_IMPLEMENTATIONS = YES;
				CLANG_WARN_DIRECT_OBJC_ISA_USAGE = YES_ERROR;
				CLANG_WARN_DOCUMENTATION_COMMENTS = YES;
				CLANG_WARN_EMPTY_BODY = YES;
				CLANG_WARN_ENUM_CONVERSION = YES;
				CLANG_WARN_INFINITE_RECURSION = YES;
				CLANG_WARN_INT_CONVERSION = YES;
				CLANG_WARN_NON_LITERAL_NULL_CONVERSION = YES;
				CLANG_WARN_OBJC_IMPLICIT_RETAIN_SELF = YES;
				CLANG_WARN_OBJC_LITERAL_CONVERSION = YES;
				CLANG_WARN_OBJC_ROOT_CLASS = YES_ERROR;
				CLANG_WARN_QUOTED_INCLUDE_IN_FRAMEWORK_HEADER = YES;
				CLANG_WARN_RANGE_LOOP_ANALYSIS = YES;
				CLANG_WARN_STRICT_PROTOTYPES = YES;
				CLANG_WARN_SUSPICIOUS_MOVE = YES;
				CLANG_WARN_UNGUARDED_AVAILABILITY = YES_AGGRESSIVE;
				CLANG_WARN_UNREACHABLE_CODE = YES;
				CLANG_WARN__DUPLICATE_METHOD_MATCH = YES;
				COPY_PHASE_STRIP = NO;
				DEBUG_INFORMATION_FORMAT = "dwarf-with-dsym";
				ENABLE_NS_ASSERTIONS = NO;
				ENABLE_STRICT_OBJC_MSGSEND = YES;
				GCC_C_LANGUAGE_STANDARD = gnu11;
				GCC_NO_COMMON_BLOCKS = YES;
				GCC_WARN_64_TO_32_BIT_CONVERSION = YES;
				GCC_WARN_ABOUT_RETURN_TYPE = YES_ERROR;
				GCC_WARN_UNDECLARED_SELECTOR = YES;
				GCC_WARN_UNINITIALIZED_AUTOS = YES_AGGRESSIVE;
				GCC_WARN_UNUSED_FUNCTION = YES;
				GCC_WARN_UNUSED_VARIABLE = YES;
				INFOPLIST_KEY_UILaunchScreen_Generation = YES;
				IPHONEOS_DEPLOYMENT_TARGET = 16.0;
				MTL_ENABLE_DEBUG_INFO = NO;
				MTL_FAST_MATH = YES;
				SDKROOT = iphoneos;
				SWIFT_COMPILATION_MODE = wholemodule;
				SWIFT_OPTIMIZATION_LEVEL = "-O";
				VALIDATE_PRODUCT = YES;
			};
			name = Release;
		};
		97A4E22529919D37002CA237 /* Debug */ = {
			isa = XCBuildConfiguration;
			buildSettings = {
				ASSETCATALOG_COMPILER_APPICON_NAME = AppIcon;
				ASSETCATALOG_COMPILER_GLOBAL_ACCENT_COLOR_NAME = AccentColor;
				CODE_SIGN_STYLE = Automatic;
				CURRENT_PROJECT_VERSION = 1;
				DEVELOPMENT_TEAM = L5B876GR3K;
				GENERATE_INFOPLIST_FILE = YES;
				INFOPLIST_FILE = SeeMovies/Info.plist;
				INFOPLIST_KEY_UIApplicationSupportsIndirectInputEvents = YES;
				INFOPLIST_KEY_UIStatusBarStyle = "";
				INFOPLIST_KEY_UISupportedInterfaceOrientations_iPad = "UIInterfaceOrientationPortrait UIInterfaceOrientationPortraitUpsideDown UIInterfaceOrientationLandscapeLeft UIInterfaceOrientationLandscapeRight";
				INFOPLIST_KEY_UISupportedInterfaceOrientations_iPhone = "UIInterfaceOrientationPortrait UIInterfaceOrientationLandscapeLeft UIInterfaceOrientationLandscapeRight";
				LD_RUNPATH_SEARCH_PATHS = (
					"$(inherited)",
					"@executable_path/Frameworks",
				);
				MARKETING_VERSION = 1.0;
				PRODUCT_BUNDLE_IDENTIFIER = com.dbccompany.SeeMovies;
				PRODUCT_NAME = "$(TARGET_NAME)";
				SWIFT_EMIT_LOC_STRINGS = YES;
				SWIFT_VERSION = 5.0;
				TARGETED_DEVICE_FAMILY = "1,2";
			};
			name = Debug;
		};
		97A4E22629919D37002CA237 /* Release */ = {
			isa = XCBuildConfiguration;
			buildSettings = {
				ASSETCATALOG_COMPILER_APPICON_NAME = AppIcon;
				ASSETCATALOG_COMPILER_GLOBAL_ACCENT_COLOR_NAME = AccentColor;
				CODE_SIGN_STYLE = Automatic;
				CURRENT_PROJECT_VERSION = 1;
				DEVELOPMENT_TEAM = L5B876GR3K;
				GENERATE_INFOPLIST_FILE = YES;
				INFOPLIST_FILE = SeeMovies/Info.plist;
				INFOPLIST_KEY_UIApplicationSupportsIndirectInputEvents = YES;
				INFOPLIST_KEY_UIStatusBarStyle = "";
				INFOPLIST_KEY_UISupportedInterfaceOrientations_iPad = "UIInterfaceOrientationPortrait UIInterfaceOrientationPortraitUpsideDown UIInterfaceOrientationLandscapeLeft UIInterfaceOrientationLandscapeRight";
				INFOPLIST_KEY_UISupportedInterfaceOrientations_iPhone = "UIInterfaceOrientationPortrait UIInterfaceOrientationLandscapeLeft UIInterfaceOrientationLandscapeRight";
				LD_RUNPATH_SEARCH_PATHS = (
					"$(inherited)",
					"@executable_path/Frameworks",
				);
				MARKETING_VERSION = 1.0;
				"OTHER_LDFLAGS[arch=*]" = "";
				PRODUCT_BUNDLE_IDENTIFIER = com.dbccompany.SeeMovies;
				PRODUCT_NAME = "$(TARGET_NAME)";
				SWIFT_EMIT_LOC_STRINGS = YES;
				SWIFT_VERSION = 5.0;
				TARGETED_DEVICE_FAMILY = "1,2";
			};
			name = Release;
		};
/* End XCBuildConfiguration section */

/* Begin XCConfigurationList section */
		97A4E20829919D35002CA237 /* Build configuration list for PBXProject "SeeMovies" */ = {
			isa = XCConfigurationList;
			buildConfigurations = (
				97A4E22229919D37002CA237 /* Debug */,
				97A4E22329919D37002CA237 /* Release */,
			);
			defaultConfigurationIsVisible = 0;
			defaultConfigurationName = Release;
		};
		97A4E22429919D37002CA237 /* Build configuration list for PBXNativeTarget "SeeMovies" */ = {
			isa = XCConfigurationList;
			buildConfigurations = (
				97A4E22529919D37002CA237 /* Debug */,
				97A4E22629919D37002CA237 /* Release */,
			);
			defaultConfigurationIsVisible = 0;
			defaultConfigurationName = Release;
		};
/* End XCConfigurationList section */

/* Begin XCRemoteSwiftPackageReference section */
		9763F3E62999BD1C0038FEB3 /* XCRemoteSwiftPackageReference "SDWebImage" */ = {
			isa = XCRemoteSwiftPackageReference;
			repositoryURL = "https://github.com/SDWebImage/SDWebImage.git";
			requirement = {
				branch = master;
				kind = branch;
			};
		};
		9772DB9529980DE200748967 /* XCRemoteSwiftPackageReference "Alamofire" */ = {
			isa = XCRemoteSwiftPackageReference;
			repositoryURL = "https://github.com/Alamofire/Alamofire.git";
			requirement = {
				kind = upToNextMajorVersion;
				minimumVersion = 5.6.1;
			};
		};
		9772DB9C299828D100748967 /* XCRemoteSwiftPackageReference "firebase-ios-sdk" */ = {
			isa = XCRemoteSwiftPackageReference;
			repositoryURL = "https://github.com/firebase/firebase-ios-sdk";
			requirement = {
				branch = master;
				kind = branch;
			};
		};
/* End XCRemoteSwiftPackageReference section */

/* Begin XCSwiftPackageProductDependency section */
		9763F3E72999BD1C0038FEB3 /* SDWebImage */ = {
			isa = XCSwiftPackageProductDependency;
			package = 9763F3E62999BD1C0038FEB3 /* XCRemoteSwiftPackageReference "SDWebImage" */;
			productName = SDWebImage;
		};
		9772DB9629980DE200748967 /* Alamofire */ = {
			isa = XCSwiftPackageProductDependency;
			package = 9772DB9529980DE200748967 /* XCRemoteSwiftPackageReference "Alamofire" */;
			productName = Alamofire;
		};
		9772DB9D299828D100748967 /* FirebaseAnalytics */ = {
			isa = XCSwiftPackageProductDependency;
			package = 9772DB9C299828D100748967 /* XCRemoteSwiftPackageReference "firebase-ios-sdk" */;
			productName = FirebaseAnalytics;
		};
		9772DB9F299828D100748967 /* FirebaseAuth */ = {
			isa = XCSwiftPackageProductDependency;
			package = 9772DB9C299828D100748967 /* XCRemoteSwiftPackageReference "firebase-ios-sdk" */;
			productName = FirebaseAuth;
		};
		9772DBA1299828D100748967 /* FirebaseDatabase */ = {
			isa = XCSwiftPackageProductDependency;
			package = 9772DB9C299828D100748967 /* XCRemoteSwiftPackageReference "firebase-ios-sdk" */;
			productName = FirebaseDatabase;
		};
/* End XCSwiftPackageProductDependency section */

/* Begin XCVersionGroup section */
		97C8A4692994AFB200C6DE96 /* Movies.xcdatamodeld */ = {
			isa = XCVersionGroup;
			children = (
				97C8A46A2994AFB200C6DE96 /* Movies.xcdatamodel */,
			);
			currentVersion = 97C8A46A2994AFB200C6DE96 /* Movies.xcdatamodel */;
			path = Movies.xcdatamodeld;
			sourceTree = "<group>";
			versionGroupType = wrapper.xcdatamodel;
		};
/* End XCVersionGroup section */
	};
	rootObject = 97A4E20529919D35002CA237 /* Project object */;
}
